// !$*UTF8*$!
{
	archiveVersion = 1;
	classes = {
	};
	objectVersion = 48;
	objects = {

/* Begin PBXBuildFile section */
		B98F21C4200EE7DD005E4B37 /* AppDelegate.m in Sources */ = {isa = PBXBuildFile; fileRef = B98F21C3200EE7DD005E4B37 /* AppDelegate.m */; };
		B98F21C7200EE7DD005E4B37 /* ViewController.m in Sources */ = {isa = PBXBuildFile; fileRef = B98F21C6200EE7DD005E4B37 /* ViewController.m */; };
		B98F21CA200EE7DD005E4B37 /* Main.storyboard in Resources */ = {isa = PBXBuildFile; fileRef = B98F21C8200EE7DD005E4B37 /* Main.storyboard */; };
		B98F21CC200EE7DD005E4B37 /* Assets.xcassets in Resources */ = {isa = PBXBuildFile; fileRef = B98F21CB200EE7DD005E4B37 /* Assets.xcassets */; };
		B98F21CF200EE7DD005E4B37 /* LaunchScreen.storyboard in Resources */ = {isa = PBXBuildFile; fileRef = B98F21CD200EE7DD005E4B37 /* LaunchScreen.storyboard */; };
		B98F21D2200EE7DD005E4B37 /* main.m in Sources */ = {isa = PBXBuildFile; fileRef = B98F21D1200EE7DD005E4B37 /* main.m */; };
		F1D5C9827B65E0721CCAE27A /* libPods-GitTest.a in Frameworks */ = {isa = PBXBuildFile; fileRef = 0483B1A6EAAA33794DCEB2B5 /* libPods-GitTest.a */; };
/* End PBXBuildFile section */

/* Begin PBXFileReference section */
		0483B1A6EAAA33794DCEB2B5 /* libPods-GitTest.a */ = {isa = PBXFileReference; explicitFileType = archive.ar; includeInIndex = 0; path = "libPods-GitTest.a"; sourceTree = BUILT_PRODUCTS_DIR; };
		5B5BEA431A00B59CAFC00860 /* Pods-GitTest.release.xcconfig */ = {isa = PBXFileReference; includeInIndex = 1; lastKnownFileType = text.xcconfig; name = "Pods-GitTest.release.xcconfig"; path = "Pods/Target Support Files/Pods-GitTest/Pods-GitTest.release.xcconfig"; sourceTree = "<group>"; };
		B55EABD46AC3C7C4A173EAF4 /* Pods-GitTest.debug.xcconfig */ = {isa = PBXFileReference; includeInIndex = 1; lastKnownFileType = text.xcconfig; name = "Pods-GitTest.debug.xcconfig"; path = "Pods/Target Support Files/Pods-GitTest/Pods-GitTest.debug.xcconfig"; sourceTree = "<group>"; };
		B98F21BF200EE7DD005E4B37 /* GitTest.app */ = {isa = PBXFileReference; explicitFileType = wrapper.application; includeInIndex = 0; path = GitTest.app; sourceTree = BUILT_PRODUCTS_DIR; };
		B98F21C2200EE7DD005E4B37 /* AppDelegate.h */ = {isa = PBXFileReference; lastKnownFileType = sourcecode.c.h; path = AppDelegate.h; sourceTree = "<group>"; };
		B98F21C3200EE7DD005E4B37 /* AppDelegate.m */ = {isa = PBXFileReference; lastKnownFileType = sourcecode.c.objc; path = AppDelegate.m; sourceTree = "<group>"; };
		B98F21C5200EE7DD005E4B37 /* ViewController.h */ = {isa = PBXFileReference; lastKnownFileType = sourcecode.c.h; path = ViewController.h; sourceTree = "<group>"; };
		B98F21C6200EE7DD005E4B37 /* ViewController.m */ = {isa = PBXFileReference; lastKnownFileType = sourcecode.c.objc; path = ViewController.m; sourceTree = "<group>"; };
		B98F21C9200EE7DD005E4B37 /* Base */ = {isa = PBXFileReference; lastKnownFileType = file.storyboard; name = Base; path = Base.lproj/Main.storyboard; sourceTree = "<group>"; };
		B98F21CB200EE7DD005E4B37 /* Assets.xcassets */ = {isa = PBXFileReference; lastKnownFileType = folder.assetcatalog; path = Assets.xcassets; sourceTree = "<group>"; };
		B98F21CE200EE7DD005E4B37 /* Base */ = {isa = PBXFileReference; lastKnownFileType = file.storyboard; name = Base; path = Base.lproj/LaunchScreen.storyboard; sourceTree = "<group>"; };
		B98F21D0200EE7DD005E4B37 /* Info.plist */ = {isa = PBXFileReference; lastKnownFileType = text.plist.xml; path = Info.plist; sourceTree = "<group>"; };
		B98F21D1200EE7DD005E4B37 /* main.m */ = {isa = PBXFileReference; lastKnownFileType = sourcecode.c.objc; path = main.m; sourceTree = "<group>"; };
/* End PBXFileReference section */

/* Begin PBXFrameworksBuildPhase section */
		B98F21BC200EE7DD005E4B37 /* Frameworks */ = {
			isa = PBXFrameworksBuildPhase;
			buildActionMask = 2147483647;
			files = (
				F1D5C9827B65E0721CCAE27A /* libPods-GitTest.a in Frameworks */,
			);
			runOnlyForDeploymentPostprocessing = 0;
		};
/* End PBXFrameworksBuildPhase section */

/* Begin PBXGroup section */
		B98F21B6200EE7DD005E4B37 = {
			isa = PBXGroup;
			children = (
				B98F21C1200EE7DD005E4B37 /* GitTest */,
				B98F21C0200EE7DD005E4B37 /* Products */,
				CAD23A90512E6737DE00AC69 /* Pods */,
				D2AB4E4DDA838EF508286829 /* Frameworks */,
			);
			sourceTree = "<group>";
		};
		B98F21C0200EE7DD005E4B37 /* Products */ = {
			isa = PBXGroup;
			children = (
				B98F21BF200EE7DD005E4B37 /* GitTest.app */,
			);
			name = Products;
			sourceTree = "<group>";
		};
		B98F21C1200EE7DD005E4B37 /* GitTest */ = {
			isa = PBXGroup;
			children = (
				B98F21C2200EE7DD005E4B37 /* AppDelegate.h */,
				B98F21C3200EE7DD005E4B37 /* AppDelegate.m */,
				B98F21C5200EE7DD005E4B37 /* ViewController.h */,
				B98F21C6200EE7DD005E4B37 /* ViewController.m */,
				B98F21C8200EE7DD005E4B37 /* Main.storyboard */,
				B98F21CB200EE7DD005E4B37 /* Assets.xcassets */,
				B98F21CD200EE7DD005E4B37 /* LaunchScreen.storyboard */,
				B98F21D0200EE7DD005E4B37 /* Info.plist */,
				B98F21D1200EE7DD005E4B37 /* main.m */,
			);
			path = GitTest;
			sourceTree = "<group>";
		};
		CAD23A90512E6737DE00AC69 /* Pods */ = {
			isa = PBXGroup;
			children = (
				B55EABD46AC3C7C4A173EAF4 /* Pods-GitTest.debug.xcconfig */,
				5B5BEA431A00B59CAFC00860 /* Pods-GitTest.release.xcconfig */,
			);
			name = Pods;
			sourceTree = "<group>";
		};
		D2AB4E4DDA838EF508286829 /* Frameworks */ = {
			isa = PBXGroup;
			children = (
				0483B1A6EAAA33794DCEB2B5 /* libPods-GitTest.a */,
			);
			name = Frameworks;
			sourceTree = "<group>";
		};
/* End PBXGroup section */

/* Begin PBXNativeTarget section */
		B98F21BE200EE7DD005E4B37 /* GitTest */ = {
			isa = PBXNativeTarget;
			buildConfigurationList = B98F21D5200EE7DD005E4B37 /* Build configuration list for PBXNativeTarget "GitTest" */;
			buildPhases = (
				82DFCB3760D55D97A115915F /* [CP] Check Pods Manifest.lock */,
				B98F21BB200EE7DD005E4B37 /* Sources */,
				B98F21BC200EE7DD005E4B37 /* Frameworks */,
				B98F21BD200EE7DD005E4B37 /* Resources */,
				D0FA1475CA8D6F6AD08A344C /* [CP] Embed Pods Frameworks */,
				D723A247809F09CFECB4C66F /* [CP] Copy Pods Resources */,
			);
			buildRules = (
			);
			dependencies = (
			);
			name = GitTest;
			productName = GitTest;
			productReference = B98F21BF200EE7DD005E4B37 /* GitTest.app */;
			productType = "com.apple.product-type.application";
		};
/* End PBXNativeTarget section */

/* Begin PBXProject section */
		B98F21B7200EE7DD005E4B37 /* Project object */ = {
			isa = PBXProject;
			attributes = {
				LastUpgradeCheck = 0920;
				ORGANIZATIONNAME = yto;
				TargetAttributes = {
					B98F21BE200EE7DD005E4B37 = {
						CreatedOnToolsVersion = 9.2;
						ProvisioningStyle = Automatic;
					};
				};
			};
			buildConfigurationList = B98F21BA200EE7DD005E4B37 /* Build configuration list for PBXProject "GitTest" */;
			compatibilityVersion = "Xcode 8.0";
			developmentRegion = en;
			hasScannedForEncodings = 0;
			knownRegions = (
				en,
				Base,
			);
			mainGroup = B98F21B6200EE7DD005E4B37;
			productRefGroup = B98F21C0200EE7DD005E4B37 /* Products */;
			projectDirPath = "";
			projectRoot = "";
			targets = (
				B98F21BE200EE7DD005E4B37 /* GitTest */,
			);
		};
/* End PBXProject section */

/* Begin PBXResourcesBuildPhase section */
		B98F21BD200EE7DD005E4B37 /* Resources */ = {
			isa = PBXResourcesBuildPhase;
			buildActionMask = 2147483647;
			files = (
				B98F21CF200EE7DD005E4B37 /* LaunchScreen.storyboard in Resources */,
				B98F21CC200EE7DD005E4B37 /* Assets.xcassets in Resources */,
				B98F21CA200EE7DD005E4B37 /* Main.storyboard in Resources */,
			);
			runOnlyForDeploymentPostprocessing = 0;
		};
/* End PBXResourcesBuildPhase section */

/* Begin PBXShellScriptBuildPhase section */
		82DFCB3760D55D97A115915F /* [CP] Check Pods Manifest.lock */ = {
			isa = PBXShellScriptBuildPhase;
			buildActionMask = 2147483647;
			files = (
			);
			inputPaths = (
				"${PODS_PODFILE_DIR_PATH}/Podfile.lock",
				"${PODS_ROOT}/Manifest.lock",
			);
			name = "[CP] Check Pods Manifest.lock";
			outputPaths = (
				"$(DERIVED_FILE_DIR)/Pods-GitTest-checkManifestLockResult.txt",
			);
			runOnlyForDeploymentPostprocessing = 0;
			shellPath = /bin/sh;
			shellScript = "diff \"${PODS_PODFILE_DIR_PATH}/Podfile.lock\" \"${PODS_ROOT}/Manifest.lock\" > /dev/null\nif [ $? != 0 ] ; then\n    # print error to STDERR\n    echo \"error: The sandbox is not in sync with the Podfile.lock. Run 'pod install' or update your CocoaPods installation.\" >&2\n    exit 1\nfi\n# This output is used by Xcode 'outputs' to avoid re-running this script phase.\necho \"SUCCESS\" > \"${SCRIPT_OUTPUT_FILE_0}\"\n";
			showEnvVarsInLog = 0;
		};
		D0FA1475CA8D6F6AD08A344C /* [CP] Embed Pods Frameworks */ = {
			isa = PBXShellScriptBuildPhase;
			buildActionMask = 2147483647;
			files = (
			);
			inputPaths = (
			);
			name = "[CP] Embed Pods Frameworks";
			outputPaths = (
			);
			runOnlyForDeploymentPostprocessing = 0;
			shellPath = /bin/sh;
			shellScript = "\"${SRCROOT}/Pods/Target Support Files/Pods-GitTest/Pods-GitTest-frameworks.sh\"\n";
			showEnvVarsInLog = 0;
		};
		D723A247809F09CFECB4C66F /* [CP] Copy Pods Resources */ = {
			isa = PBXShellScriptBuildPhase;
			buildActionMask = 2147483647;
			files = (
			);
			inputPaths = (
			);
			name = "[CP] Copy Pods Resources";
			outputPaths = (
			);
			runOnlyForDeploymentPostprocessing = 0;
			shellPath = /bin/sh;
			shellScript = "\"${SRCROOT}/Pods/Target Support Files/Pods-GitTest/Pods-GitTest-resources.sh\"\n";
			showEnvVarsInLog = 0;
		};
/* End PBXShellScriptBuildPhase section */

/* Begin PBXSourcesBuildPhase section */
		B98F21BB200EE7DD005E4B37 /* Sources */ = {
			isa = PBXSourcesBuildPhase;
			buildActionMask = 2147483647;
			files = (
				B98F21C7200EE7DD005E4B37 /* ViewController.m in Sources */,
				B98F21D2200EE7DD005E4B37 /* main.m in Sources */,
				B98F21C4200EE7DD005E4B37 /* AppDelegate.m in Sources */,
			);
			runOnlyForDeploymentPostprocessing = 0;
		};
/* End PBXSourcesBuildPhase section */

/* Begin PBXVariantGroup section */
		B98F21C8200EE7DD005E4B37 /* Main.storyboard */ = {
			isa = PBXVariantGroup;
			children = (
				B98F21C9200EE7DD005E4B37 /* Base */,
			);
			name = Main.storyboard;
			sourceTree = "<group>";
		};
		B98F21CD200EE7DD005E4B37 /* LaunchScreen.storyboard */ = {
			isa = PBXVariantGroup;
			children = (
				B98F21CE200EE7DD005E4B37 /* Base */,
			);
			name = LaunchScreen.storyboard;
			sourceTree = "<group>";
		};
/* End PBXVariantGroup section */

/* Begin XCBuildConfiguration section */
		B98F21D3200EE7DD005E4B37 /* Debug */ = {
			isa = XCBuildConfiguration;
			buildSettings = {
				ALWAYS_SEARCH_USER_PATHS = NO;
				CLANG_ANALYZER_NONNULL = YES;
				CLANG_ANALYZER_NUMBER_OBJECT_CONVERSION = YES_AGGRESSIVE;
				CLANG_CXX_LANGUAGE_STANDARD = "gnu++14";
				CLANG_CXX_LIBRARY = "libc++";
				CLANG_ENABLE_MODULES = YES;
				CLANG_ENABLE_OBJC_ARC = YES;
				CLANG_WARN_BLOCK_CAPTURE_AUTORELEASING = YES;
				CLANG_WARN_BOOL_CONVERSION = YES;
				CLANG_WARN_COMMA = YES;
				CLANG_WARN_CONSTANT_CONVERSION = YES;
				CLANG_WARN_DIRECT_OBJC_ISA_USAGE = YES_ERROR;
				CLANG_WARN_DOCUMENTATION_COMMENTS = YES;
				CLANG_WARN_EMPTY_BODY = YES;
				CLANG_WARN_ENUM_CONVERSION = YES;
				CLANG_WARN_INFINITE_RECURSION = YES;
				CLANG_WARN_INT_CONVERSION = YES;
				CLANG_WARN_NON_LITERAL_NULL_CONVERSION = YES;
				CLANG_WARN_OBJC_LITERAL_CONVERSION = YES;
				CLANG_WARN_OBJC_ROOT_CLASS = YES_ERROR;
				CLANG_WARN_RANGE_LOOP_ANALYSIS = YES;
				CLANG_WARN_STRICT_PROTOTYPES = YES;
				CLANG_WARN_SUSPICIOUS_MOVE = YES;
				CLANG_WARN_UNGUARDED_AVAILABILITY = YES_AGGRESSIVE;
				CLANG_WARN_UNREACHABLE_CODE = YES;
				CLANG_WARN__DUPLICATE_METHOD_MATCH = YES;
				CODE_SIGN_IDENTITY = "iPhone Developer";
				COPY_PHASE_STRIP = NO;
				DEBUG_INFORMATION_FORMAT = dwarf;
				ENABLE_STRICT_OBJC_MSGSEND = YES;
				ENABLE_TESTABILITY = YES;
				GCC_C_LANGUAGE_STANDARD = gnu11;
				GCC_DYNAMIC_NO_PIC = NO;
				GCC_NO_COMMON_BLOCKS = YES;
				GCC_OPTIMIZATION_LEVEL = 0;
				GCC_PREPROCESSOR_DEFINITIONS = (
					"DEBUG=1",
					"$(inherited)",
				);
				GCC_WARN_64_TO_32_BIT_CONVERSION = YES;
				GCC_WARN_ABOUT_RETURN_TYPE = YES_ERROR;
				GCC_WARN_UNDECLARED_SELECTOR = YES;
				GCC_WARN_UNINITIALIZED_AUTOS = YES_AGGRESSIVE;
				GCC_WARN_UNUSED_FUNCTION = YES;
				GCC_WARN_UNUSED_VARIABLE = YES;
				IPHONEOS_DEPLOYMENT_TARGET = 8.0;
				MTL_ENABLE_DEBUG_INFO = YES;
				ONLY_ACTIVE_ARCH = YES;
				SDKROOT = iphoneos;
			};
			name = Debug;
		};
		B98F21D4200EE7DD005E4B37 /* Release */ = {
			isa = XCBuildConfiguration;
			buildSettings = {
				ALWAYS_SEARCH_USER_PATHS = NO;
				CLANG_ANALYZER_NONNULL = YES;
				CLANG_ANALYZER_NUMBER_OBJECT_CONVERSION = YES_AGGRESSIVE;
				CLANG_CXX_LANGUAGE_STANDARD = "gnu++14";
				CLANG_CXX_LIBRARY = "libc++";
				CLANG_ENABLE_MODULES = YES;
				CLANG_ENABLE_OBJC_ARC = YES;
				CLANG_WARN_BLOCK_CAPTURE_AUTORELEASING = YES;
				CLANG_WARN_BOOL_CONVERSION = YES;
				CLANG_WARN_COMMA = YES;
				CLANG_WARN_CONSTANT_CONVERSION = YES;
				CLANG_WARN_DIRECT_OBJC_ISA_USAGE = YES_ERROR;
				CLANG_WARN_DOCUMENTATION_COMMENTS = YES;
				CLANG_WARN_EMPTY_BODY = YES;
				CLANG_WARN_ENUM_CONVERSION = YES;
				CLANG_WARN_INFINITE_RECURSION = YES;
				CLANG_WARN_INT_CONVERSION = YES;
				CLANG_WARN_NON_LITERAL_NULL_CONVERSION = YES;
				CLANG_WARN_OBJC_LITERAL_CONVERSION = YES;
				CLANG_WARN_OBJC_ROOT_CLASS = YES_ERROR;
				CLANG_WARN_RANGE_LOOP_ANALYSIS = YES;
				CLANG_WARN_STRICT_PROTOTYPES = YES;
				CLANG_WARN_SUSPICIOUS_MOVE = YES;
				CLANG_WARN_UNGUARDED_AVAILABILITY = YES_AGGRESSIVE;
				CLANG_WARN_UNREACHABLE_CODE = YES;
				CLANG_WARN__DUPLICATE_METHOD_MATCH = YES;
				CODE_SIGN_IDENTITY = "iPhone Developer";
				COPY_PHASE_STRIP = NO;
				DEBUG_INFORMATION_FORMAT = "dwarf-with-dsym";
				ENABLE_NS_ASSERTIONS = NO;
				ENABLE_STRICT_OBJC_MSGSEND = YES;
				GCC_C_LANGUAGE_STANDARD = gnu11;
				GCC_NO_COMMON_BLOCKS = YES;
				GCC_WARN_64_TO_32_BIT_CONVERSION = YES;
				GCC_WARN_ABOUT_RETURN_TYPE = YES_ERROR;
				GCC_WARN_UNDECLARED_SELECTOR = YES;
				GCC_WARN_UNINITIALIZED_AUTOS = YES_AGGRESSIVE;
				GCC_WARN_UNUSED_FUNCTION = YES;
				GCC_WARN_UNUSED_VARIABLE = YES;
				IPHONEOS_DEPLOYMENT_TARGET = 8.0;
				MTL_ENABLE_DEBUG_INFO = NO;
				SDKROOT = iphoneos;
				VALIDATE_PRODUCT = YES;
			};
			name = Release;
		};
		B98F21D6200EE7DD005E4B37 /* Debug */ = {
			isa = XCBuildConfiguration;
			baseConfigurationReference = B55EABD46AC3C7C4A173EAF4 /* Pods-GitTest.debug.xcconfig */;
			buildSettings = {
				ASSETCATALOG_COMPILER_APPICON_NAME = AppIcon;
				CODE_SIGN_STYLE = Automatic;
				DEVELOPMENT_TEAM = 7AA69DJ7JN;
				INFOPLIST_FILE = GitTest/Info.plist;
				LD_RUNPATH_SEARCH_PATHS = "$(inherited) @executable_path/Frameworks";
				PRODUCT_BUNDLE_IDENTIFIER = com.net.cn.GitTest;
				PRODUCT_NAME = "$(TARGET_NAME)";
				TARGETED_DEVICE_FAMILY = "1,2";
			};
			name = Debug;
		};
		B98F21D7200EE7DD005E4B37 /* Release */ = {
			isa = XCBuildConfiguration;
			baseConfigurationReference = 5B5BEA431A00B59CAFC00860 /* Pods-GitTest.release.xcconfig */;
			buildSettings = {
				ASSETCATALOG_COMPILER_APPICON_NAME = AppIcon;
				CODE_SIGN_STYLE = Automatic;
				DEVELOPMENT_TEAM = 7AA69DJ7JN;
				INFOPLIST_FILE = GitTest/Info.plist;
				LD_RUNPATH_SEARCH_PATHS = "$(inherited) @executable_path/Frameworks";
				PRODUCT_BUNDLE_IDENTIFIER = com.net.cn.GitTest;
				PRODUCT_NAME = "$(TARGET_NAME)";
				TARGETED_DEVICE_FAMILY = "1,2";
			};
			name = Release;
		};
/* End XCBuildConfiguration section */

/* Begin XCConfigurationList section */
		B98F21BA200EE7DD005E4B37 /* Build configuration list for PBXProject "GitTest" */ = {
			isa = XCConfigurationList;
			buildConfigurations = (
				B98F21D3200EE7DD005E4B37 /* Debug */,
				B98F21D4200EE7DD005E4B37 /* Release */,
			);
			defaultConfigurationIsVisible = 0;
			defaultConfigurationName = Release;
		};
		B98F21D5200EE7DD005E4B37 /* Build configuration list for PBXNativeTarget "GitTest" */ = {
			isa = XCConfigurationList;
			buildConfigurations = (
				B98F21D6200EE7DD005E4B37 /* Debug */,
				B98F21D7200EE7DD005E4B37 /* Release */,
			);
			defaultConfigurationIsVisible = 0;
			defaultConfigurationName = Release;
		};
/* End XCConfigurationList section */
	};
	rootObject = B98F21B7200EE7DD005E4B37 /* Project object */;
}
